// !$*UTF8*$!
{
	archiveVersion = 1;
	classes = {
	};
	objectVersion = 46;
	objects = {

/* Begin PBXBuildFile section */
		DB4911071D629F9300D69446 /* main.m in Sources */ = {isa = PBXBuildFile; fileRef = DB4911061D629F9300D69446 /* main.m */; };
		DB49110A1D629F9300D69446 /* AppDelegate.m in Sources */ = {isa = PBXBuildFile; fileRef = DB4911091D629F9300D69446 /* AppDelegate.m */; };
		DB49110D1D629F9300D69446 /* ViewController.m in Sources */ = {isa = PBXBuildFile; fileRef = DB49110C1D629F9300D69446 /* ViewController.m */; };
		DB4911101D629F9300D69446 /* Main.storyboard in Resources */ = {isa = PBXBuildFile; fileRef = DB49110E1D629F9300D69446 /* Main.storyboard */; };
		DB4911121D629F9300D69446 /* Assets.xcassets in Resources */ = {isa = PBXBuildFile; fileRef = DB4911111D629F9300D69446 /* Assets.xcassets */; };
		DB4911151D629F9300D69446 /* LaunchScreen.storyboard in Resources */ = {isa = PBXBuildFile; fileRef = DB4911131D629F9300D69446 /* LaunchScreen.storyboard */; };
		DB4911201D629F9300D69446 /* DanmuDemoTests.m in Sources */ = {isa = PBXBuildFile; fileRef = DB49111F1D629F9300D69446 /* DanmuDemoTests.m */; };
		DB49112B1D629F9300D69446 /* DanmuDemoUITests.m in Sources */ = {isa = PBXBuildFile; fileRef = DB49112A1D629F9300D69446 /* DanmuDemoUITests.m */; };
		DB49113A1D629FC600D69446 /* BulletView.m in Sources */ = {isa = PBXBuildFile; fileRef = DB4911391D629FC600D69446 /* BulletView.m */; };
		DB49113D1D629FDE00D69446 /* BulletManager.m in Sources */ = {isa = PBXBuildFile; fileRef = DB49113C1D629FDE00D69446 /* BulletManager.m */; };
		DB49113F1D62F9EA00D69446 /* 10_10.jpg in Resources */ = {isa = PBXBuildFile; fileRef = DB49113E1D62F9EA00D69446 /* 10_10.jpg */; };
/* End PBXBuildFile section */

/* Begin PBXContainerItemProxy section */
		DB49111C1D629F9300D69446 /* PBXContainerItemProxy */ = {
			isa = PBXContainerItemProxy;
			containerPortal = DB4910FA1D629F9300D69446 /* Project object */;
			proxyType = 1;
			remoteGlobalIDString = DB4911011D629F9300D69446;
			remoteInfo = DanmuDemo;
		};
		DB4911271D629F9300D69446 /* PBXContainerItemProxy */ = {
			isa = PBXContainerItemProxy;
			containerPortal = DB4910FA1D629F9300D69446 /* Project object */;
			proxyType = 1;
			remoteGlobalIDString = DB4911011D629F9300D69446;
			remoteInfo = DanmuDemo;
		};
/* End PBXContainerItemProxy section */

/* Begin PBXFileReference section */
		DB4911021D629F9300D69446 /* DanmuDemo.app */ = {isa = PBXFileReference; explicitFileType = wrapper.application; includeInIndex = 0; path = DanmuDemo.app; sourceTree = BUILT_PRODUCTS_DIR; };
		DB4911061D629F9300D69446 /* main.m */ = {isa = PBXFileReference; lastKnownFileType = sourcecode.c.objc; path = main.m; sourceTree = "<group>"; };
		DB4911081D629F9300D69446 /* AppDelegate.h */ = {isa = PBXFileReference; lastKnownFileType = sourcecode.c.h; path = AppDelegate.h; sourceTree = "<group>"; };
		DB4911091D629F9300D69446 /* AppDelegate.m */ = {isa = PBXFileReference; lastKnownFileType = sourcecode.c.objc; path = AppDelegate.m; sourceTree = "<group>"; };
		DB49110B1D629F9300D69446 /* ViewController.h */ = {isa = PBXFileReference; lastKnownFileType = sourcecode.c.h; path = ViewController.h; sourceTree = "<group>"; };
		DB49110C1D629F9300D69446 /* ViewController.m */ = {isa = PBXFileReference; lastKnownFileType = sourcecode.c.objc; path = ViewController.m; sourceTree = "<group>"; };
		DB49110F1D629F9300D69446 /* Base */ = {isa = PBXFileReference; lastKnownFileType = file.storyboard; name = Base; path = Base.lproj/Main.storyboard; sourceTree = "<group>"; };
		DB4911111D629F9300D69446 /* Assets.xcassets */ = {isa = PBXFileReference; lastKnownFileType = folder.assetcatalog; path = Assets.xcassets; sourceTree = "<group>"; };
		DB4911141D629F9300D69446 /* Base */ = {isa = PBXFileReference; lastKnownFileType = file.storyboard; name = Base; path = Base.lproj/LaunchScreen.storyboard; sourceTree = "<group>"; };
		DB4911161D629F9300D69446 /* Info.plist */ = {isa = PBXFileReference; lastKnownFileType = text.plist.xml; path = Info.plist; sourceTree = "<group>"; };
		DB49111B1D629F9300D69446 /* DanmuDemoTests.xctest */ = {isa = PBXFileReference; explicitFileType = wrapper.cfbundle; includeInIndex = 0; path = DanmuDemoTests.xctest; sourceTree = BUILT_PRODUCTS_DIR; };
		DB49111F1D629F9300D69446 /* DanmuDemoTests.m */ = {isa = PBXFileReference; lastKnownFileType = sourcecode.c.objc; path = DanmuDemoTests.m; sourceTree = "<group>"; };
		DB4911211D629F9300D69446 /* Info.plist */ = {isa = PBXFileReference; lastKnownFileType = text.plist.xml; path = Info.plist; sourceTree = "<group>"; };
		DB4911261D629F9300D69446 /* DanmuDemoUITests.xctest */ = {isa = PBXFileReference; explicitFileType = wrapper.cfbundle; includeInIndex = 0; path = DanmuDemoUITests.xctest; sourceTree = BUILT_PRODUCTS_DIR; };
		DB49112A1D629F9300D69446 /* DanmuDemoUITests.m */ = {isa = PBXFileReference; lastKnownFileType = sourcecode.c.objc; path = DanmuDemoUITests.m; sourceTree = "<group>"; };
		DB49112C1D629F9300D69446 /* Info.plist */ = {isa = PBXFileReference; lastKnownFileType = text.plist.xml; path = Info.plist; sourceTree = "<group>"; };
		DB4911381D629FC600D69446 /* BulletView.h */ = {isa = PBXFileReference; fileEncoding = 4; lastKnownFileType = sourcecode.c.h; path = BulletView.h; sourceTree = "<group>"; };
		DB4911391D629FC600D69446 /* BulletView.m */ = {isa = PBXFileReference; fileEncoding = 4; lastKnownFileType = sourcecode.c.objc; path = BulletView.m; sourceTree = "<group>"; };
		DB49113B1D629FDE00D69446 /* BulletManager.h */ = {isa = PBXFileReference; fileEncoding = 4; lastKnownFileType = sourcecode.c.h; path = BulletManager.h; sourceTree = "<group>"; };
		DB49113C1D629FDE00D69446 /* BulletManager.m */ = {isa = PBXFileReference; fileEncoding = 4; lastKnownFileType = sourcecode.c.objc; path = BulletManager.m; sourceTree = "<group>"; };
		DB49113E1D62F9EA00D69446 /* 10_10.jpg */ = {isa = PBXFileReference; lastKnownFileType = image.jpeg; path = 10_10.jpg; sourceTree = "<group>"; };
/* End PBXFileReference section */

/* Begin PBXFrameworksBuildPhase section */
		DB4910FF1D629F9300D69446 /* Frameworks */ = {
			isa = PBXFrameworksBuildPhase;
			buildActionMask = 2147483647;
			files = (
			);
			runOnlyForDeploymentPostprocessing = 0;
		};
		DB4911181D629F9300D69446 /* Frameworks */ = {
			isa = PBXFrameworksBuildPhase;
			buildActionMask = 2147483647;
			files = (
			);
			runOnlyForDeploymentPostprocessing = 0;
		};
		DB4911231D629F9300D69446 /* Frameworks */ = {
			isa = PBXFrameworksBuildPhase;
			buildActionMask = 2147483647;
			files = (
			);
			runOnlyForDeploymentPostprocessing = 0;
		};
/* End PBXFrameworksBuildPhase section */

/* Begin PBXGroup section */
		DB4910F91D629F9300D69446 = {
			isa = PBXGroup;
			children = (
				DB4911041D629F9300D69446 /* DanmuDemo */,
				DB49111E1D629F9300D69446 /* DanmuDemoTests */,
				DB4911291D629F9300D69446 /* DanmuDemoUITests */,
				DB4911031D629F9300D69446 /* Products */,
			);
			sourceTree = "<group>";
		};
		DB4911031D629F9300D69446 /* Products */ = {
			isa = PBXGroup;
			children = (
				DB4911021D629F9300D69446 /* DanmuDemo.app */,
				DB49111B1D629F9300D69446 /* DanmuDemoTests.xctest */,
				DB4911261D629F9300D69446 /* DanmuDemoUITests.xctest */,
			);
			name = Products;
			sourceTree = "<group>";
		};
		DB4911041D629F9300D69446 /* DanmuDemo */ = {
			isa = PBXGroup;
			children = (
				DB49113E1D62F9EA00D69446 /* 10_10.jpg */,
				DB4911081D629F9300D69446 /* AppDelegate.h */,
				DB4911091D629F9300D69446 /* AppDelegate.m */,
				DB49110B1D629F9300D69446 /* ViewController.h */,
				DB49110C1D629F9300D69446 /* ViewController.m */,
				DB4911381D629FC600D69446 /* BulletView.h */,
				DB4911391D629FC600D69446 /* BulletView.m */,
				DB49113B1D629FDE00D69446 /* BulletManager.h */,
				DB49113C1D629FDE00D69446 /* BulletManager.m */,
				DB49110E1D629F9300D69446 /* Main.storyboard */,
				DB4911111D629F9300D69446 /* Assets.xcassets */,
				DB4911131D629F9300D69446 /* LaunchScreen.storyboard */,
				DB4911161D629F9300D69446 /* Info.plist */,
				DB4911051D629F9300D69446 /* Supporting Files */,
			);
			path = DanmuDemo;
			sourceTree = "<group>";
		};
		DB4911051D629F9300D69446 /* Supporting Files */ = {
			isa = PBXGroup;
			children = (
				DB4911061D629F9300D69446 /* main.m */,
			);
			name = "Supporting Files";
			sourceTree = "<group>";
		};
		DB49111E1D629F9300D69446 /* DanmuDemoTests */ = {
			isa = PBXGroup;
			children = (
				DB49111F1D629F9300D69446 /* DanmuDemoTests.m */,
				DB4911211D629F9300D69446 /* Info.plist */,
			);
			path = DanmuDemoTests;
			sourceTree = "<group>";
		};
		DB4911291D629F9300D69446 /* DanmuDemoUITests */ = {
			isa = PBXGroup;
			children = (
				DB49112A1D629F9300D69446 /* DanmuDemoUITests.m */,
				DB49112C1D629F9300D69446 /* Info.plist */,
			);
			path = DanmuDemoUITests;
			sourceTree = "<group>";
		};
/* End PBXGroup section */

/* Begin PBXNativeTarget section */
		DB4911011D629F9300D69446 /* DanmuDemo */ = {
			isa = PBXNativeTarget;
			buildConfigurationList = DB49112F1D629F9300D69446 /* Build configuration list for PBXNativeTarget "DanmuDemo" */;
			buildPhases = (
				DB4910FE1D629F9300D69446 /* Sources */,
				DB4910FF1D629F9300D69446 /* Frameworks */,
				DB4911001D629F9300D69446 /* Resources */,
			);
			buildRules = (
			);
			dependencies = (
			);
			name = DanmuDemo;
			productName = DanmuDemo;
			productReference = DB4911021D629F9300D69446 /* DanmuDemo.app */;
			productType = "com.apple.product-type.application";
		};
		DB49111A1D629F9300D69446 /* DanmuDemoTests */ = {
			isa = PBXNativeTarget;
			buildConfigurationList = DB4911321D629F9300D69446 /* Build configuration list for PBXNativeTarget "DanmuDemoTests" */;
			buildPhases = (
				DB4911171D629F9300D69446 /* Sources */,
				DB4911181D629F9300D69446 /* Frameworks */,
				DB4911191D629F9300D69446 /* Resources */,
			);
			buildRules = (
			);
			dependencies = (
				DB49111D1D629F9300D69446 /* PBXTargetDependency */,
			);
			name = DanmuDemoTests;
			productName = DanmuDemoTests;
			productReference = DB49111B1D629F9300D69446 /* DanmuDemoTests.xctest */;
			productType = "com.apple.product-type.bundle.unit-test";
		};
		DB4911251D629F9300D69446 /* DanmuDemoUITests */ = {
			isa = PBXNativeTarget;
			buildConfigurationList = DB4911351D629F9300D69446 /* Build configuration list for PBXNativeTarget "DanmuDemoUITests" */;
			buildPhases = (
				DB4911221D629F9300D69446 /* Sources */,
				DB4911231D629F9300D69446 /* Frameworks */,
				DB4911241D629F9300D69446 /* Resources */,
			);
			buildRules = (
			);
			dependencies = (
				DB4911281D629F9300D69446 /* PBXTargetDependency */,
			);
			name = DanmuDemoUITests;
			productName = DanmuDemoUITests;
			productReference = DB4911261D629F9300D69446 /* DanmuDemoUITests.xctest */;
			productType = "com.apple.product-type.bundle.ui-testing";
		};
/* End PBXNativeTarget section */

/* Begin PBXProject section */
		DB4910FA1D629F9300D69446 /* Project object */ = {
			isa = PBXProject;
			attributes = {
				LastUpgradeCheck = 0730;
				ORGANIZATIONNAME = Artron;
				TargetAttributes = {
					DB4911011D629F9300D69446 = {
						CreatedOnToolsVersion = 7.3.1;
					};
					DB49111A1D629F9300D69446 = {
						CreatedOnToolsVersion = 7.3.1;
						TestTargetID = DB4911011D629F9300D69446;
					};
					DB4911251D629F9300D69446 = {
						CreatedOnToolsVersion = 7.3.1;
						TestTargetID = DB4911011D629F9300D69446;
					};
				};
			};
			buildConfigurationList = DB4910FD1D629F9300D69446 /* Build configuration list for PBXProject "DanmuDemo" */;
			compatibilityVersion = "Xcode 3.2";
			developmentRegion = English;
			hasScannedForEncodings = 0;
			knownRegions = (
				en,
				Base,
			);
			mainGroup = DB4910F91D629F9300D69446;
			productRefGroup = DB4911031D629F9300D69446 /* Products */;
			projectDirPath = "";
			projectRoot = "";
			targets = (
				DB4911011D629F9300D69446 /* DanmuDemo */,
				DB49111A1D629F9300D69446 /* DanmuDemoTests */,
				DB4911251D629F9300D69446 /* DanmuDemoUITests */,
			);
		};
/* End PBXProject section */

/* Begin PBXResourcesBuildPhase section */
		DB4911001D629F9300D69446 /* Resources */ = {
			isa = PBXResourcesBuildPhase;
			buildActionMask = 2147483647;
			files = (
				DB4911151D629F9300D69446 /* LaunchScreen.storyboard in Resources */,
				DB49113F1D62F9EA00D69446 /* 10_10.jpg in Resources */,
				DB4911121D629F9300D69446 /* Assets.xcassets in Resources */,
				DB4911101D629F9300D69446 /* Main.storyboard in Resources */,
			);
			runOnlyForDeploymentPostprocessing = 0;
		};
		DB4911191D629F9300D69446 /* Resources */ = {
			isa = PBXResourcesBuildPhase;
			buildActionMask = 2147483647;
			files = (
			);
			runOnlyForDeploymentPostprocessing = 0;
		};
		DB4911241D629F9300D69446 /* Resources */ = {
			isa = PBXResourcesBuildPhase;
			buildActionMask = 2147483647;
			files = (
			);
			runOnlyForDeploymentPostprocessing = 0;
		};
/* End PBXResourcesBuildPhase section */

/* Begin PBXSourcesBuildPhase section */
		DB4910FE1D629F9300D69446 /* Sources */ = {
			isa = PBXSourcesBuildPhase;
			buildActionMask = 2147483647;
			files = (
				DB49110D1D629F9300D69446 /* ViewController.m in Sources */,
				DB49110A1D629F9300D69446 /* AppDelegate.m in Sources */,
				DB49113A1D629FC600D69446 /* BulletView.m in Sources */,
				DB4911071D629F9300D69446 /* main.m in Sources */,
				DB49113D1D629FDE00D69446 /* BulletManager.m in Sources */,
			);
			runOnlyForDeploymentPostprocessing = 0;
		};
		DB4911171D629F9300D69446 /* Sources */ = {
			isa = PBXSourcesBuildPhase;
			buildActionMask = 2147483647;
			files = (
				DB4911201D629F9300D69446 /* DanmuDemoTests.m in Sources */,
			);
			runOnlyForDeploymentPostprocessing = 0;
		};
		DB4911221D629F9300D69446 /* Sources */ = {
			isa = PBXSourcesBuildPhase;
			buildActionMask = 2147483647;
			files = (
				DB49112B1D629F9300D69446 /* DanmuDemoUITests.m in Sources */,
			);
			runOnlyForDeploymentPostprocessing = 0;
		};
/* End PBXSourcesBuildPhase section */

/* Begin PBXTargetDependency section */
		DB49111D1D629F9300D69446 /* PBXTargetDependency */ = {
			isa = PBXTargetDependency;
			target = DB4911011D629F9300D69446 /* DanmuDemo */;
			targetProxy = DB49111C1D629F9300D69446 /* PBXContainerItemProxy */;
		};
		DB4911281D629F9300D69446 /* PBXTargetDependency */ = {
			isa = PBXTargetDependency;
			target = DB4911011D629F9300D69446 /* DanmuDemo */;
			targetProxy = DB4911271D629F9300D69446 /* PBXContainerItemProxy */;
		};
/* End PBXTargetDependency section */

/* Begin PBXVariantGroup section */
		DB49110E1D629F9300D69446 /* Main.storyboard */ = {
			isa = PBXVariantGroup;
			children = (
				DB49110F1D629F9300D69446 /* Base */,
			);
			name = Main.storyboard;
			sourceTree = "<group>";
		};
		DB4911131D629F9300D69446 /* LaunchScreen.storyboard */ = {
			isa = PBXVariantGroup;
			children = (
				DB4911141D629F9300D69446 /* Base */,
			);
			name = LaunchScreen.storyboard;
			sourceTree = "<group>";
		};
/* End PBXVariantGroup section */

/* Begin XCBuildConfiguration section */
		DB49112D1D629F9300D69446 /* Debug */ = {
			isa = XCBuildConfiguration;
			buildSettings = {
				ALWAYS_SEARCH_USER_PATHS = NO;
				CLANG_ANALYZER_NONNULL = YES;
				CLANG_CXX_LANGUAGE_STANDARD = "gnu++0x";
				CLANG_CXX_LIBRARY = "libc++";
				CLANG_ENABLE_MODULES = YES;
				CLANG_ENABLE_OBJC_ARC = YES;
				CLANG_WARN_BOOL_CONVERSION = YES;
				CLANG_WARN_CONSTANT_CONVERSION = YES;
				CLANG_WARN_DIRECT_OBJC_ISA_USAGE = YES_ERROR;
				CLANG_WARN_EMPTY_BODY = YES;
				CLANG_WARN_ENUM_CONVERSION = YES;
				CLANG_WARN_INT_CONVERSION = YES;
				CLANG_WARN_OBJC_ROOT_CLASS = YES_ERROR;
				CLANG_WARN_UNREACHABLE_CODE = YES;
				CLANG_WARN__DUPLICATE_METHOD_MATCH = YES;
				"CODE_SIGN_IDENTITY[sdk=iphoneos*]" = "iPhone Developer";
				COPY_PHASE_STRIP = NO;
				DEBUG_INFORMATION_FORMAT = dwarf;
				ENABLE_STRICT_OBJC_MSGSEND = YES;
				ENABLE_TESTABILITY = YES;
				GCC_C_LANGUAGE_STANDARD = gnu99;
				GCC_DYNAMIC_NO_PIC = NO;
				GCC_NO_COMMON_BLOCKS = YES;
				GCC_OPTIMIZATION_LEVEL = 0;
				GCC_PREPROCESSOR_DEFINITIONS = (
					"DEBUG=1",
					"$(inherited)",
				);
				GCC_WARN_64_TO_32_BIT_CONVERSION = YES;
				GCC_WARN_ABOUT_RETURN_TYPE = YES_ERROR;
				GCC_WARN_UNDECLARED_SELECTOR = YES;
				GCC_WARN_UNINITIALIZED_AUTOS = YES_AGGRESSIVE;
				GCC_WARN_UNUSED_FUNCTION = YES;
				GCC_WARN_UNUSED_VARIABLE = YES;
				IPHONEOS_DEPLOYMENT_TARGET = 9.3;
				MTL_ENABLE_DEBUG_INFO = YES;
				ONLY_ACTIVE_ARCH = YES;
				SDKROOT = iphoneos;
			};
			name = Debug;
		};
		DB49112E1D629F9300D69446 /* Release */ = {
			isa = XCBuildConfiguration;
			buildSettings = {
				ALWAYS_SEARCH_USER_PATHS = NO;
				CLANG_ANALYZER_NONNULL = YES;
				CLANG_CXX_LANGUAGE_STANDARD = "gnu++0x";
				CLANG_CXX_LIBRARY = "libc++";
				CLANG_ENABLE_MODULES = YES;
				CLANG_ENABLE_OBJC_ARC = YES;
				CLANG_WARN_BOOL_CONVERSION = YES;
				CLANG_WARN_CONSTANT_CONVERSION = YES;
				CLANG_WARN_DIRECT_OBJC_ISA_USAGE = YES_ERROR;
				CLANG_WARN_EMPTY_BODY = YES;
				CLANG_WARN_ENUM_CONVERSION = YES;
				CLANG_WARN_INT_CONVERSION = YES;
				CLANG_WARN_OBJC_ROOT_CLASS = YES_ERROR;
				CLANG_WARN_UNREACHABLE_CODE = YES;
				CLANG_WARN__DUPLICATE_METHOD_MATCH = YES;
				"CODE_SIGN_IDENTITY[sdk=iphoneos*]" = "iPhone Developer";
				COPY_PHASE_STRIP = NO;
				DEBUG_INFORMATION_FORMAT = "dwarf-with-dsym";
				ENABLE_NS_ASSERTIONS = NO;
				ENABLE_STRICT_OBJC_MSGSEND = YES;
				GCC_C_LANGUAGE_STANDARD = gnu99;
				GCC_NO_COMMON_BLOCKS = YES;
				GCC_WARN_64_TO_32_BIT_CONVERSION = YES;
				GCC_WARN_ABOUT_RETURN_TYPE = YES_ERROR;
				GCC_WARN_UNDECLARED_SELECTOR = YES;
				GCC_WARN_UNINITIALIZED_AUTOS = YES_AGGRESSIVE;
				GCC_WARN_UNUSED_FUNCTION = YES;
				GCC_WARN_UNUSED_VARIABLE = YES;
				IPHONEOS_DEPLOYMENT_TARGET = 9.3;
				MTL_ENABLE_DEBUG_INFO = NO;
				SDKROOT = iphoneos;
				VALIDATE_PRODUCT = YES;
			};
			name = Release;
		};
		DB4911301D629F9300D69446 /* Debug */ = {
			isa = XCBuildConfiguration;
			buildSettings = {
				ASSETCATALOG_COMPILER_APPICON_NAME = AppIcon;
				INFOPLIST_FILE = DanmuDemo/Info.plist;
				LD_RUNPATH_SEARCH_PATHS = "$(inherited) @executable_path/Frameworks";
				PRODUCT_BUNDLE_IDENTIFIER = com.artron.DanmuDemo;
				PRODUCT_NAME = "$(TARGET_NAME)";
			};
			name = Debug;
		};
		DB4911311D629F9300D69446 /* Release */ = {
			isa = XCBuildConfiguration;
			buildSettings = {
				ASSETCATALOG_COMPILER_APPICON_NAME = AppIcon;
				INFOPLIST_FILE = DanmuDemo/Info.plist;
				LD_RUNPATH_SEARCH_PATHS = "$(inherited) @executable_path/Frameworks";
				PRODUCT_BUNDLE_IDENTIFIER = com.artron.DanmuDemo;
				PRODUCT_NAME = "$(TARGET_NAME)";
			};
			name = Release;
		};
		DB4911331D629F9300D69446 /* Debug */ = {
			isa = XCBuildConfiguration;
			buildSettings = {
				BUNDLE_LOADER = "$(TEST_HOST)";
				INFOPLIST_FILE = DanmuDemoTests/Info.plist;
				LD_RUNPATH_SEARCH_PATHS = "$(inherited) @executable_path/Frameworks @loader_path/Frameworks";
				PRODUCT_BUNDLE_IDENTIFIER = com.artron.DanmuDemoTests;
				PRODUCT_NAME = "$(TARGET_NAME)";
				TEST_HOST = "$(BUILT_PRODUCTS_DIR)/DanmuDemo.app/DanmuDemo";
			};
			name = Debug;
		};
		DB4911341D629F9300D69446 /* Release */ = {
			isa = XCBuildConfiguration;
			buildSettings = {
				BUNDLE_LOADER = "$(TEST_HOST)";
				INFOPLIST_FILE = DanmuDemoTests/Info.plist;
				LD_RUNPATH_SEARCH_PATHS = "$(inherited) @executable_path/Frameworks @loader_path/Frameworks";
				PRODUCT_BUNDLE_IDENTIFIER = com.artron.DanmuDemoTests;
				PRODUCT_NAME = "$(TARGET_NAME)";
				TEST_HOST = "$(BUILT_PRODUCTS_DIR)/DanmuDemo.app/DanmuDemo";
			};
			name = Release;
		};
		DB4911361D629F9300D69446 /* Debug */ = {
			isa = XCBuildConfiguration;
			buildSettings = {
				INFOPLIST_FILE = DanmuDemoUITests/Info.plist;
				LD_RUNPATH_SEARCH_PATHS = "$(inherited) @executable_path/Frameworks @loader_path/Frameworks";
				PRODUCT_BUNDLE_IDENTIFIER = com.artron.DanmuDemoUITests;
				PRODUCT_NAME = "$(TARGET_NAME)";
				TEST_TARGET_NAME = DanmuDemo;
			};
			name = Debug;
		};
		DB4911371D629F9300D69446 /* Release */ = {
			isa = XCBuildConfiguration;
			buildSettings = {
				INFOPLIST_FILE = DanmuDemoUITests/Info.plist;
				LD_RUNPATH_SEARCH_PATHS = "$(inherited) @executable_path/Frameworks @loader_path/Frameworks";
				PRODUCT_BUNDLE_IDENTIFIER = com.artron.DanmuDemoUITests;
				PRODUCT_NAME = "$(TARGET_NAME)";
				TEST_TARGET_NAME = DanmuDemo;
			};
			name = Release;
		};
/* End XCBuildConfiguration section */

/* Begin XCConfigurationList section */
		DB4910FD1D629F9300D69446 /* Build configuration list for PBXProject "DanmuDemo" */ = {
			isa = XCConfigurationList;
			buildConfigurations = (
				DB49112D1D629F9300D69446 /* Debug */,
				DB49112E1D629F9300D69446 /* Release */,
			);
			defaultConfigurationIsVisible = 0;
			defaultConfigurationName = Release;
		};
		DB49112F1D629F9300D69446 /* Build configuration list for PBXNativeTarget "DanmuDemo" */ = {
			isa = XCConfigurationList;
			buildConfigurations = (
				DB4911301D629F9300D69446 /* Debug */,
				DB4911311D629F9300D69446 /* Release */,
			);
			defaultConfigurationIsVisible = 0;
			defaultConfigurationName = Release;
		};
		DB4911321D629F9300D69446 /* Build configuration list for PBXNativeTarget "DanmuDemoTests" */ = {
			isa = XCConfigurationList;
			buildConfigurations = (
				DB4911331D629F9300D69446 /* Debug */,
				DB4911341D629F9300D69446 /* Release */,
			);
			defaultConfigurationIsVisible = 0;
			defaultConfigurationName = Release;
		};
		DB4911351D629F9300D69446 /* Build configuration list for PBXNativeTarget "DanmuDemoUITests" */ = {
			isa = XCConfigurationList;
			buildConfigurations = (
				DB4911361D629F9300D69446 /* Debug */,
				DB4911371D629F9300D69446 /* Release */,
			);
			defaultConfigurationIsVisible = 0;
			defaultConfigurationName = Release;
		};
/* End XCConfigurationList section */
	};
	rootObject = DB4910FA1D629F9300D69446 /* Project object */;
}
